
Microsoft Visual Studio Solution File, Format Version 12.00
# Visual Studio Version 17
VisualStudioVersion = 17.0.31912.275
MinimumVisualStudioVersion = 10.0.40219.1
Project("{FAE04EC0-301F-11D3-BF4B-00C04F79EFBC}") = "BilgeAdam.GenericPractice2", "BilgeAdam.GenericPractice2\BilgeAdam.GenericPractice2.csproj", "{6F7D7BAA-1BFE-40BD-9804-A389E5B0DD58}"
EndProject
Project("{FAE04EC0-301F-11D3-BF4B-00C04F79EFBC}") = "BilgeAdam.Tests", "BilgeAdam.Tests\BilgeAdam.Tests.csproj", "{B84D53D1-66C0-497E-B746-B0EF53BB24B6}"
EndProject
Global
	GlobalSection(SolutionConfigurationPlatforms) = preSolution
		Debug|Any CPU = Debug|Any CPU
		Release|Any CPU = Release|Any CPU
	EndGlobalSection
	GlobalSection(ProjectConfigurationPlatforms) = postSolution
		{6F7D7BAA-1BFE-40BD-9804-A389E5B0DD58}.Debug|Any CPU.ActiveCfg = Debug|Any CPU
		{6F7D7BAA-1BFE-40BD-9804-A389E5B0DD58}.Debug|Any CPU.Build.0 = Debug|Any CPU
		{6F7D7BAA-1BFE-40BD-9804-A389E5B0DD58}.Release|Any CPU.ActiveCfg = Release|Any CPU
		{6F7D7BAA-1BFE-40BD-9804-A389E5B0DD58}.Release|Any CPU.Build.0 = Release|Any CPU
		{B84D53D1-66C0-497E-B746-B0EF53BB24B6}.Debug|Any CPU.ActiveCfg = Debug|Any CPU
		{B84D53D1-66C0-497E-B746-B0EF53BB24B6}.Debug|Any CPU.Build.0 = Debug|Any CPU
		{B84D53D1-66C0-497E-B746-B0EF53BB24B6}.Release|Any CPU.ActiveCfg = Release|Any CPU
		{B84D53D1-66C0-497E-B746-B0EF53BB24B6}.Release|Any CPU.Build.0 = Release|Any CPU
	EndGlobalSection
	GlobalSection(SolutionProperties) = preSolution
		HideSolutionNode = FALSE
	EndGlobalSection
	GlobalSection(ExtensibilityGlobals) = postSolution
		SolutionGuid = {C1C6F1C2-7225-4E42-A38E-808988BBF5CB}
	EndGlobalSection
EndGlobal
